{
  "name": "pyee-devtools",
  "version": "1.0.0",
  "lockfileVersion": 2,
  "requires": true,
  "packages": {
    "": {
      "name": "pyee-devtools",
      "version": "1.0.0",
      "license": "MIT",
      "devDependencies": {
        "pyright": "^1.1.159"
      }
    },
    "node_modules/pyright": {
      "version": "1.1.203",
      "resolved": "https://registry.npmjs.org/pyright/-/pyright-1.1.203.tgz",
      "integrity": "sha512-BglTVxjj6iQBRvqxsQbm9pz8ZMQzBt1GJxxyW4QRJ3utbaXiPQJMpB4UGLIQI6c5S30lcObEdkLicHeWtQYvuQ==",
      "dev": true,
      "bin": {
        "pyright": "index.js",
        "pyright-langserver": "langserver.index.js"
      },
      "engines": {
        "node": ">=12.0.0"
      }
    }
  },
  "dependencies": {
    "pyright": {
      "version": "1.1.203",
      "resolved": "https://registry.npmjs.org/pyright/-/pyright-1.1.203.tgz",
      "integrity": "sha512-BglTVxjj6iQBRvqxsQbm9pz8ZMQzBt1GJxxyW4QRJ3utbaXiPQJMpB4UGLIQI6c5S30lcObEdkLicHeWtQYvuQ==",
      "dev": true
    }
  }
}
